
Microsoft Visual Studio Solution File, Format Version 12.00
# Visual Studio Version 16
VisualStudioVersion = 16.0.28803.202
MinimumVisualStudioVersion = 10.0.40219.1
Project("{FAE04EC0-301F-11D3-BF4B-00C04F79EFBC}") = "MineSweeper", "MineSweeper\MineSweeper.csproj", "{C336E2F1-111A-4630-A3D2-DAE1A90A9D12}"
EndProject
Global
	GlobalSection(SolutionConfigurationPlatforms) = preSolution
		Debug|Any CPU = Debug|Any CPU
		Release|Any CPU = Release|Any CPU
	EndGlobalSection
	GlobalSection(ProjectConfigurationPlatforms) = postSolution
		{C336E2F1-111A-4630-A3D2-DAE1A90A9D12}.Debug|Any CPU.ActiveCfg = Debug|Any CPU
		{C336E2F1-111A-4630-A3D2-DAE1A90A9D12}.Debug|Any CPU.Build.0 = Debug|Any CPU
		{C336E2F1-111A-4630-A3D2-DAE1A90A9D12}.Release|Any CPU.ActiveCfg = Release|Any CPU
		{C336E2F1-111A-4630-A3D2-DAE1A90A9D12}.Release|Any CPU.Build.0 = Release|Any CPU
	EndGlobalSection
	GlobalSection(SolutionProperties) = preSolution
		HideSolutionNode = FALSE
	EndGlobalSection
	GlobalSection(ExtensibilityGlobals) = postSolution
		SolutionGuid = {ADC7C444-3A4D-42E7-85F4-4681DDAB2E03}
	EndGlobalSection
EndGlobal
